
Microsoft Visual Studio Solution File, Format Version 12.00
# Visual Studio Version 16
VisualStudioVersion = 16.0.31613.86
MinimumVisualStudioVersion = 10.0.40219.1
Project("{FAE04EC0-301F-11D3-BF4B-00C04F79EFBC}") = "AudioMvc", "AudioMvc.csproj", "{826A7985-B650-4836-BC71-6A8A8AFEDB96}"
EndProject
Project("{FAE04EC0-301F-11D3-BF4B-00C04F79EFBC}") = "CoreAudioWebapp", "..\CoreAudioWebapp\CoreAudioWebapp.csproj", "{356CC1FD-CE49-4D03-A1DC-C535EDA7B0E2}"
EndProject
Global
	GlobalSection(SolutionConfigurationPlatforms) = preSolution
		Debug|Any CPU = Debug|Any CPU
		Release|Any CPU = Release|Any CPU
	EndGlobalSection
	GlobalSection(ProjectConfigurationPlatforms) = postSolution
		{826A7985-B650-4836-BC71-6A8A8AFEDB96}.Debug|Any CPU.ActiveCfg = Debug|Any CPU
		{826A7985-B650-4836-BC71-6A8A8AFEDB96}.Debug|Any CPU.Build.0 = Debug|Any CPU
		{826A7985-B650-4836-BC71-6A8A8AFEDB96}.Release|Any CPU.ActiveCfg = Release|Any CPU
		{826A7985-B650-4836-BC71-6A8A8AFEDB96}.Release|Any CPU.Build.0 = Release|Any CPU
		{356CC1FD-CE49-4D03-A1DC-C535EDA7B0E2}.Debug|Any CPU.ActiveCfg = Debug|Any CPU
		{356CC1FD-CE49-4D03-A1DC-C535EDA7B0E2}.Debug|Any CPU.Build.0 = Debug|Any CPU
		{356CC1FD-CE49-4D03-A1DC-C535EDA7B0E2}.Release|Any CPU.ActiveCfg = Release|Any CPU
		{356CC1FD-CE49-4D03-A1DC-C535EDA7B0E2}.Release|Any CPU.Build.0 = Release|Any CPU
	EndGlobalSection
	GlobalSection(SolutionProperties) = preSolution
		HideSolutionNode = FALSE
	EndGlobalSection
	GlobalSection(ExtensibilityGlobals) = postSolution
		SolutionGuid = {60ADAF54-117A-48EB-A6A1-7E165BA7F5BD}
	EndGlobalSection
EndGlobal
